dependencies:
  esp32-captive-wifi-manager:
    component_hash: fc464532ab58952d233a5553b9e7e228e80dcd2697edd3e5f575e4e267c0d7eb
    dependencies:
    - name: idf
      version: '>=5.5.0'
    - name: espressif/mdns
      version: ^1.8.2
    - name: espressif/led_indicator
      version: ^1.1.1
    source:
      git: https://github.com/theMoonlitWolf/esp32-captive-wifi-manager.git
      path: .
      type: git
    version: e42e79bef978af725b77a6d799fbce8d1d75af65
  espressif/cmake_utilities:
    component_hash: 05165f30922b422b4b90c08845e6d449329b97370fbd06309803d8cb539d79e3
    dependencies:
    - name: idf
      require: private
      version: '>=4.1'
    source:
      registry_url: https://components.espressif.com
      type: service
    version: 1.1.1
  espressif/led_indicator:
    component_hash: 5b2531835a989825c0dc94465e3481086473e086dca109b99bea5605d8e70396
    dependencies:
    - name: espressif/cmake_utilities
      registry_url: https://components.espressif.com
      require: private
      version: '*'
    - name: idf
      require: private
      version: '>=4.0'
    - name: espressif/led_strip
      registry_url: https://components.espressif.com
      require: public
      version: 2.5.5
    source:
      registry_url: https://components.espressif.com/
      type: service
    version: 1.1.1
  espressif/led_strip:
    component_hash: 28c6509a727ef74925b372ed404772aeedf11cce10b78c3f69b3c66799095e2d
    dependencies:
    - name: idf
      require: private
      version: '>=4.4'
    source:
      registry_url: https://components.espressif.com
      type: service
    version: 2.5.5
  espressif/mdns:
    component_hash: 5c148bc0996305bcf111c465bba021a8155d4247b0d9353c39da9b44a91ca381
    dependencies:
    - name: idf
      require: private
      version: '>=5.0'
    source:
      registry_url: https://components.espressif.com/
      type: service
    version: 1.9.0
  idf:
    source:
      type: idf
    version: 5.5.0
direct_dependencies:
- esp32-captive-wifi-manager
- espressif/led_indicator
- espressif/mdns
- idf
manifest_hash: 74de11db65c74aba1e07518d83d3c9ff38a5d7372dc9bb649713d713f5a3e0b5
target: esp32s3
version: 2.0.0
