dependencies:
  esp32-captive-wifi-manager:
    component_hash: c49110744955229ee02a0ac708d485f94225ab3d00e084a7613cf01873218252
    dependencies:
    - name: idf
      version: '>=5.5.0'
    - name: espressif/mdns
      version: ^1.8.2
    - name: espressif/led_indicator
      version: ^1.1.1
    source:
      git: https://github.com/wolfofnox/esp32-captive-wifi-manager.git
      path: .
      type: git
    version: a494416ed1e0c6b32fc9e96263dfeb38655d9e40
  espressif/cmake_utilities:
    component_hash: 05165f30922b422b4b90c08845e6d449329b97370fbd06309803d8cb539d79e3
    dependencies:
    - name: idf
      require: private
      version: '>=4.1'
    source:
      registry_url: https://components.espressif.com
      type: service
    version: 1.1.1
  espressif/led_indicator:
    component_hash: 5b2531835a989825c0dc94465e3481086473e086dca109b99bea5605d8e70396
    dependencies:
    - name: espressif/cmake_utilities
      registry_url: https://components.espressif.com
      require: private
      version: '*'
    - name: idf
      require: private
      version: '>=4.0'
    - name: espressif/led_strip
      registry_url: https://components.espressif.com
      require: public
      version: 2.5.5
    source:
      registry_url: https://components.espressif.com/
      type: service
    version: 1.1.1
  espressif/led_strip:
    component_hash: 28c6509a727ef74925b372ed404772aeedf11cce10b78c3f69b3c66799095e2d
    dependencies:
    - name: idf
      require: private
      version: '>=4.4'
    source:
      registry_url: https://components.espressif.com
      type: service
    version: 2.5.5
  espressif/mdns:
    component_hash: 29e47564b1a7ee778135e17fbbf2a2773f71c97ebabfe626c8eda7c958a7ad16
    dependencies:
    - name: idf
      require: private
      version: '>=5.0'
    source:
      registry_url: https://components.espressif.com/
      type: service
    version: 1.9.1
  idf:
    source:
      type: idf
    version: 5.5.0
direct_dependencies:
- esp32-captive-wifi-manager
- espressif/led_indicator
- espressif/mdns
- idf
manifest_hash: 7096afe43b9088efdb371770f76de27e7cef6510bb7f94435ffcf83ab9918036
target: esp32s3
version: 2.0.0
